lockfileVersion: 5.3

specifiers:
  '@tsconfig/node16-strictest-esm': ^1.0.0
  typescript: ^5.0.2

devDependencies:
  '@tsconfig/node16-strictest-esm': 1.0.3
  typescript: 5.2.2

packages:

  /@tsconfig/node16-strictest-esm/1.0.3:
    resolution: {integrity: sha512-0/QTPDkKmE2dy0dMRstPCv4VJ+gUGgvMKzaWd5P3hgdlmPqYqe1pJxDGUlNYbSgUBlncIvvX+mIeZarokysNgg==}
    deprecated: TypeScript 5.0 supports combining TSConfigs using array syntax in extends
    dev: true

  /typescript/5.2.2:
    resolution: {integrity: sha512-mI4WrpHsbCIcwT9cF4FZvr80QUeKvsUsUvKDoR+X/7XHQH98xYD8YHZg7ANtz2GtZt/CBq2QJ0thkGJMHfqc1w==}
    engines: {node: '>=14.17'}
    hasBin: true
    dev: true
