lockfileVersion: 5.3

specifiers:
  '@tsconfig/node16-strictest-esm': ^1.0.0
  typescript: ^5.0.2

devDependencies:
  '@tsconfig/node16-strictest-esm': 1.0.0
  typescript: 5.1.3

packages:

  /@tsconfig/node16-strictest-esm/1.0.0:
    resolution: {integrity: sha512-B/R4m4fy4ZKvAjwpDW3BdfNHYhRltMPpUdZTI0RpKSTU6HzA7Ub3XskVmbFG45JaOcjuTqXzO7o4rDG0LfUYzQ==}
    dev: true

  /typescript/5.1.3:
    resolution: {integrity: sha512-XH627E9vkeqhlZFQuL+UsyAXEnibT0kWR2FWONlr4sTjvxyJYnyefgrkyECLzM5NenmKzRAy2rR/OlYLA1HkZw==}
    engines: {node: '>=14.17'}
    hasBin: true
    dev: true
